// !$*UTF8*$!
{
	archiveVersion = 1;
	classes = {
	};
	objectVersion = 46;
	objects = {

/* Begin PBXBuildFile section */
		F5654C011AE393F000CE379B /* main.m in Sources */ = {isa = PBXBuildFile; fileRef = F5654C001AE393F000CE379B /* main.m */; };
		F5654C041AE393F000CE379B /* AppDelegate.m in Sources */ = {isa = PBXBuildFile; fileRef = F5654C031AE393F000CE379B /* AppDelegate.m */; };
		F5654C071AE393F000CE379B /* ViewController.m in Sources */ = {isa = PBXBuildFile; fileRef = F5654C061AE393F000CE379B /* ViewController.m */; };
		F5654C0A1AE393F000CE379B /* Main.storyboard in Resources */ = {isa = PBXBuildFile; fileRef = F5654C081AE393F000CE379B /* Main.storyboard */; };
		F5654C0C1AE393F000CE379B /* Images.xcassets in Resources */ = {isa = PBXBuildFile; fileRef = F5654C0B1AE393F000CE379B /* Images.xcassets */; };
		F5654C0F1AE393F000CE379B /* LaunchScreen.xib in Resources */ = {isa = PBXBuildFile; fileRef = F5654C0D1AE393F000CE379B /* LaunchScreen.xib */; };
		F5654C1B1AE393F000CE379B /* todolistTests.m in Sources */ = {isa = PBXBuildFile; fileRef = F5654C1A1AE393F000CE379B /* todolistTests.m */; };
/* End PBXBuildFile section */

/* Begin PBXContainerItemProxy section */
		F5654C151AE393F000CE379B /* PBXContainerItemProxy */ = {
			isa = PBXContainerItemProxy;
			containerPortal = F5654BF31AE393F000CE379B /* Project object */;
			proxyType = 1;
			remoteGlobalIDString = F5654BFA1AE393F000CE379B;
			remoteInfo = todolist;
		};
/* End PBXContainerItemProxy section */

/* Begin PBXFileReference section */
		F5654BFB1AE393F000CE379B /* todolist.app */ = {isa = PBXFileReference; explicitFileType = wrapper.application; includeInIndex = 0; path = todolist.app; sourceTree = BUILT_PRODUCTS_DIR; };
		F5654BFF1AE393F000CE379B /* Info.plist */ = {isa = PBXFileReference; lastKnownFileType = text.plist.xml; path = Info.plist; sourceTree = "<group>"; };
		F5654C001AE393F000CE379B /* main.m */ = {isa = PBXFileReference; lastKnownFileType = sourcecode.c.objc; path = main.m; sourceTree = "<group>"; };
		F5654C021AE393F000CE379B /* AppDelegate.h */ = {isa = PBXFileReference; lastKnownFileType = sourcecode.c.h; path = AppDelegate.h; sourceTree = "<group>"; };
		F5654C031AE393F000CE379B /* AppDelegate.m */ = {isa = PBXFileReference; lastKnownFileType = sourcecode.c.objc; path = AppDelegate.m; sourceTree = "<group>"; };
		F5654C051AE393F000CE379B /* ViewController.h */ = {isa = PBXFileReference; lastKnownFileType = sourcecode.c.h; path = ViewController.h; sourceTree = "<group>"; };
		F5654C061AE393F000CE379B /* ViewController.m */ = {isa = PBXFileReference; lastKnownFileType = sourcecode.c.objc; path = ViewController.m; sourceTree = "<group>"; };
		F5654C091AE393F000CE379B /* Base */ = {isa = PBXFileReference; lastKnownFileType = file.storyboard; name = Base; path = Base.lproj/Main.storyboard; sourceTree = "<group>"; };
		F5654C0B1AE393F000CE379B /* Images.xcassets */ = {isa = PBXFileReference; lastKnownFileType = folder.assetcatalog; path = Images.xcassets; sourceTree = "<group>"; };
		F5654C0E1AE393F000CE379B /* Base */ = {isa = PBXFileReference; lastKnownFileType = file.xib; name = Base; path = Base.lproj/LaunchScreen.xib; sourceTree = "<group>"; };
		F5654C141AE393F000CE379B /* todolistTests.xctest */ = {isa = PBXFileReference; explicitFileType = wrapper.cfbundle; includeInIndex = 0; path = todolistTests.xctest; sourceTree = BUILT_PRODUCTS_DIR; };
		F5654C191AE393F000CE379B /* Info.plist */ = {isa = PBXFileReference; lastKnownFileType = text.plist.xml; path = Info.plist; sourceTree = "<group>"; };
		F5654C1A1AE393F000CE379B /* todolistTests.m */ = {isa = PBXFileReference; lastKnownFileType = sourcecode.c.objc; path = todolistTests.m; sourceTree = "<group>"; };
/* End PBXFileReference section */

/* Begin PBXFrameworksBuildPhase section */
		F5654BF81AE393F000CE379B /* Frameworks */ = {
			isa = PBXFrameworksBuildPhase;
			buildActionMask = 2147483647;
			files = (
			);
			runOnlyForDeploymentPostprocessing = 0;
		};
		F5654C111AE393F000CE379B /* Frameworks */ = {
			isa = PBXFrameworksBuildPhase;
			buildActionMask = 2147483647;
			files = (
			);
			runOnlyForDeploymentPostprocessing = 0;
		};
/* End PBXFrameworksBuildPhase section */

/* Begin PBXGroup section */
		F5654BF21AE393F000CE379B = {
			isa = PBXGroup;
			children = (
				F5654BFD1AE393F000CE379B /* todolist */,
				F5654C171AE393F000CE379B /* todolistTests */,
				F5654BFC1AE393F000CE379B /* Products */,
			);
			sourceTree = "<group>";
		};
		F5654BFC1AE393F000CE379B /* Products */ = {
			isa = PBXGroup;
			children = (
				F5654BFB1AE393F000CE379B /* todolist.app */,
				F5654C141AE393F000CE379B /* todolistTests.xctest */,
			);
			name = Products;
			sourceTree = "<group>";
		};
		F5654BFD1AE393F000CE379B /* todolist */ = {
			isa = PBXGroup;
			children = (
				F5654C021AE393F000CE379B /* AppDelegate.h */,
				F5654C031AE393F000CE379B /* AppDelegate.m */,
				F5654C051AE393F000CE379B /* ViewController.h */,
				F5654C061AE393F000CE379B /* ViewController.m */,
				F5654C081AE393F000CE379B /* Main.storyboard */,
				F5654C0B1AE393F000CE379B /* Images.xcassets */,
				F5654C0D1AE393F000CE379B /* LaunchScreen.xib */,
				F5654BFE1AE393F000CE379B /* Supporting Files */,
			);
			path = todolist;
			sourceTree = "<group>";
		};
		F5654BFE1AE393F000CE379B /* Supporting Files */ = {
			isa = PBXGroup;
			children = (
				F5654BFF1AE393F000CE379B /* Info.plist */,
				F5654C001AE393F000CE379B /* main.m */,
			);
			name = "Supporting Files";
			sourceTree = "<group>";
		};
		F5654C171AE393F000CE379B /* todolistTests */ = {
			isa = PBXGroup;
			children = (
				F5654C1A1AE393F000CE379B /* todolistTests.m */,
				F5654C181AE393F000CE379B /* Supporting Files */,
			);
			path = todolistTests;
			sourceTree = "<group>";
		};
		F5654C181AE393F000CE379B /* Supporting Files */ = {
			isa = PBXGroup;
			children = (
				F5654C191AE393F000CE379B /* Info.plist */,
			);
			name = "Supporting Files";
			sourceTree = "<group>";
		};
/* End PBXGroup section */

/* Begin PBXNativeTarget section */
		F5654BFA1AE393F000CE379B /* todolist */ = {
			isa = PBXNativeTarget;
			buildConfigurationList = F5654C1E1AE393F000CE379B /* Build configuration list for PBXNativeTarget "todolist" */;
			buildPhases = (
				F5654BF71AE393F000CE379B /* Sources */,
				F5654BF81AE393F000CE379B /* Frameworks */,
				F5654BF91AE393F000CE379B /* Resources */,
			);
			buildRules = (
			);
			dependencies = (
			);
			name = todolist;
			productName = todolist;
			productReference = F5654BFB1AE393F000CE379B /* todolist.app */;
			productType = "com.apple.product-type.application";
		};
		F5654C131AE393F000CE379B /* todolistTests */ = {
			isa = PBXNativeTarget;
			buildConfigurationList = F5654C211AE393F000CE379B /* Build configuration list for PBXNativeTarget "todolistTests" */;
			buildPhases = (
				F5654C101AE393F000CE379B /* Sources */,
				F5654C111AE393F000CE379B /* Frameworks */,
				F5654C121AE393F000CE379B /* Resources */,
			);
			buildRules = (
			);
			dependencies = (
				F5654C161AE393F000CE379B /* PBXTargetDependency */,
			);
			name = todolistTests;
			productName = todolistTests;
			productReference = F5654C141AE393F000CE379B /* todolistTests.xctest */;
			productType = "com.apple.product-type.bundle.unit-test";
		};
/* End PBXNativeTarget section */

/* Begin PBXProject section */
		F5654BF31AE393F000CE379B /* Project object */ = {
			isa = PBXProject;
			attributes = {
				LastUpgradeCheck = 0630;
				TargetAttributes = {
					F5654BFA1AE393F000CE379B = {
						CreatedOnToolsVersion = 6.3;
					};
					F5654C131AE393F000CE379B = {
						CreatedOnToolsVersion = 6.3;
						TestTargetID = F5654BFA1AE393F000CE379B;
					};
				};
			};
			buildConfigurationList = F5654BF61AE393F000CE379B /* Build configuration list for PBXProject "todolist" */;
			compatibilityVersion = "Xcode 3.2";
			developmentRegion = English;
			hasScannedForEncodings = 0;
			knownRegions = (
				en,
				Base,
			);
			mainGroup = F5654BF21AE393F000CE379B;
			productRefGroup = F5654BFC1AE393F000CE379B /* Products */;
			projectDirPath = "";
			projectRoot = "";
			targets = (
				F5654BFA1AE393F000CE379B /* todolist */,
				F5654C131AE393F000CE379B /* todolistTests */,
			);
		};
/* End PBXProject section */

/* Begin PBXResourcesBuildPhase section */
		F5654BF91AE393F000CE379B /* Resources */ = {
			isa = PBXResourcesBuildPhase;
			buildActionMask = 2147483647;
			files = (
				F5654C0A1AE393F000CE379B /* Main.storyboard in Resources */,
				F5654C0F1AE393F000CE379B /* LaunchScreen.xib in Resources */,
				F5654C0C1AE393F000CE379B /* Images.xcassets in Resources */,
			);
			runOnlyForDeploymentPostprocessing = 0;
		};
		F5654C121AE393F000CE379B /* Resources */ = {
			isa = PBXResourcesBuildPhase;
			buildActionMask = 2147483647;
			files = (
			);
			runOnlyForDeploymentPostprocessing = 0;
		};
/* End PBXResourcesBuildPhase section */

/* Begin PBXSourcesBuildPhase section */
		F5654BF71AE393F000CE379B /* Sources */ = {
			isa = PBXSourcesBuildPhase;
			buildActionMask = 2147483647;
			files = (
				F5654C071AE393F000CE379B /* ViewController.m in Sources */,
				F5654C041AE393F000CE379B /* AppDelegate.m in Sources */,
				F5654C011AE393F000CE379B /* main.m in Sources */,
			);
			runOnlyForDeploymentPostprocessing = 0;
		};
		F5654C101AE393F000CE379B /* Sources */ = {
			isa = PBXSourcesBuildPhase;
			buildActionMask = 2147483647;
			files = (
				F5654C1B1AE393F000CE379B /* todolistTests.m in Sources */,
			);
			runOnlyForDeploymentPostprocessing = 0;
		};
/* End PBXSourcesBuildPhase section */

/* Begin PBXTargetDependency section */
		F5654C161AE393F000CE379B /* PBXTargetDependency */ = {
			isa = PBXTargetDependency;
			target = F5654BFA1AE393F000CE379B /* todolist */;
			targetProxy = F5654C151AE393F000CE379B /* PBXContainerItemProxy */;
		};
/* End PBXTargetDependency section */

/* Begin PBXVariantGroup section */
		F5654C081AE393F000CE379B /* Main.storyboard */ = {
			isa = PBXVariantGroup;
			children = (
				F5654C091AE393F000CE379B /* Base */,
			);
			name = Main.storyboard;
			sourceTree = "<group>";
		};
		F5654C0D1AE393F000CE379B /* LaunchScreen.xib */ = {
			isa = PBXVariantGroup;
			children = (
				F5654C0E1AE393F000CE379B /* Base */,
			);
			name = LaunchScreen.xib;
			sourceTree = "<group>";
		};
/* End PBXVariantGroup section */

/* Begin XCBuildConfiguration section */
		F5654C1C1AE393F000CE379B /* Debug */ = {
			isa = XCBuildConfiguration;
			buildSettings = {
				ALWAYS_SEARCH_USER_PATHS = NO;
				CLANG_CXX_LANGUAGE_STANDARD = "gnu++0x";
				CLANG_CXX_LIBRARY = "libc++";
				CLANG_ENABLE_MODULES = YES;
				CLANG_ENABLE_OBJC_ARC = YES;
				CLANG_WARN_BOOL_CONVERSION = YES;
				CLANG_WARN_CONSTANT_CONVERSION = YES;
				CLANG_WARN_DIRECT_OBJC_ISA_USAGE = YES_ERROR;
				CLANG_WARN_EMPTY_BODY = YES;
				CLANG_WARN_ENUM_CONVERSION = YES;
				CLANG_WARN_INT_CONVERSION = YES;
				CLANG_WARN_OBJC_ROOT_CLASS = YES_ERROR;
				CLANG_WARN_UNREACHABLE_CODE = YES;
				CLANG_WARN__DUPLICATE_METHOD_MATCH = YES;
				"CODE_SIGN_IDENTITY[sdk=iphoneos*]" = "iPhone Developer";
				COPY_PHASE_STRIP = NO;
				DEBUG_INFORMATION_FORMAT = "dwarf-with-dsym";
				ENABLE_STRICT_OBJC_MSGSEND = YES;
				GCC_C_LANGUAGE_STANDARD = gnu99;
				GCC_DYNAMIC_NO_PIC = NO;
				GCC_NO_COMMON_BLOCKS = YES;
				GCC_OPTIMIZATION_LEVEL = 0;
				GCC_PREPROCESSOR_DEFINITIONS = (
					"DEBUG=1",
					"$(inherited)",
				);
				GCC_SYMBOLS_PRIVATE_EXTERN = NO;
				GCC_WARN_64_TO_32_BIT_CONVERSION = YES;
				GCC_WARN_ABOUT_RETURN_TYPE = YES_ERROR;
				GCC_WARN_UNDECLARED_SELECTOR = YES;
				GCC_WARN_UNINITIALIZED_AUTOS = YES_AGGRESSIVE;
				GCC_WARN_UNUSED_FUNCTION = YES;
				GCC_WARN_UNUSED_VARIABLE = YES;
				IPHONEOS_DEPLOYMENT_TARGET = 8.3;
				MTL_ENABLE_DEBUG_INFO = YES;
				ONLY_ACTIVE_ARCH = YES;
				SDKROOT = iphoneos;
			};
			name = Debug;
		};
		F5654C1D1AE393F000CE379B /* Release */ = {
			isa = XCBuildConfiguration;
			buildSettings = {
				ALWAYS_SEARCH_USER_PATHS = NO;
				CLANG_CXX_LANGUAGE_STANDARD = "gnu++0x";
				CLANG_CXX_LIBRARY = "libc++";
				CLANG_ENABLE_MODULES = YES;
				CLANG_ENABLE_OBJC_ARC = YES;
				CLANG_WARN_BOOL_CONVERSION = YES;
				CLANG_WARN_CONSTANT_CONVERSION = YES;
				CLANG_WARN_DIRECT_OBJC_ISA_USAGE = YES_ERROR;
				CLANG_WARN_EMPTY_BODY = YES;
				CLANG_WARN_ENUM_CONVERSION = YES;
				CLANG_WARN_INT_CONVERSION = YES;
				CLANG_WARN_OBJC_ROOT_CLASS = YES_ERROR;
				CLANG_WARN_UNREACHABLE_CODE = YES;
				CLANG_WARN__DUPLICATE_METHOD_MATCH = YES;
				"CODE_SIGN_IDENTITY[sdk=iphoneos*]" = "iPhone Developer";
				COPY_PHASE_STRIP = NO;
				DEBUG_INFORMATION_FORMAT = "dwarf-with-dsym";
				ENABLE_NS_ASSERTIONS = NO;
				ENABLE_STRICT_OBJC_MSGSEND = YES;
				GCC_C_LANGUAGE_STANDARD = gnu99;
				GCC_NO_COMMON_BLOCKS = YES;
				GCC_WARN_64_TO_32_BIT_CONVERSION = YES;
				GCC_WARN_ABOUT_RETURN_TYPE = YES_ERROR;
				GCC_WARN_UNDECLARED_SELECTOR = YES;
				GCC_WARN_UNINITIALIZED_AUTOS = YES_AGGRESSIVE;
				GCC_WARN_UNUSED_FUNCTION = YES;
				GCC_WARN_UNUSED_VARIABLE = YES;
				IPHONEOS_DEPLOYMENT_TARGET = 8.3;
				MTL_ENABLE_DEBUG_INFO = NO;
				SDKROOT = iphoneos;
				VALIDATE_PRODUCT = YES;
			};
			name = Release;
		};
		F5654C1F1AE393F000CE379B /* Debug */ = {
			isa = XCBuildConfiguration;
			buildSettings = {
				ASSETCATALOG_COMPILER_APPICON_NAME = AppIcon;
				INFOPLIST_FILE = todolist/Info.plist;
				LD_RUNPATH_SEARCH_PATHS = "$(inherited) @executable_path/Frameworks";
				PRODUCT_NAME = "$(TARGET_NAME)";
			};
			name = Debug;
		};
		F5654C201AE393F000CE379B /* Release */ = {
			isa = XCBuildConfiguration;
			buildSettings = {
				ASSETCATALOG_COMPILER_APPICON_NAME = AppIcon;
				INFOPLIST_FILE = todolist/Info.plist;
				LD_RUNPATH_SEARCH_PATHS = "$(inherited) @executable_path/Frameworks";
				PRODUCT_NAME = "$(TARGET_NAME)";
			};
			name = Release;
		};
		F5654C221AE393F000CE379B /* Debug */ = {
			isa = XCBuildConfiguration;
			buildSettings = {
				BUNDLE_LOADER = "$(TEST_HOST)";
				FRAMEWORK_SEARCH_PATHS = (
					"$(SDKROOT)/Developer/Library/Frameworks",
					"$(inherited)",
				);
				GCC_PREPROCESSOR_DEFINITIONS = (
					"DEBUG=1",
					"$(inherited)",
				);
				INFOPLIST_FILE = todolistTests/Info.plist;
				LD_RUNPATH_SEARCH_PATHS = "$(inherited) @executable_path/Frameworks @loader_path/Frameworks";
				PRODUCT_NAME = "$(TARGET_NAME)";
				TEST_HOST = "$(BUILT_PRODUCTS_DIR)/todolist.app/todolist";
			};
			name = Debug;
		};
		F5654C231AE393F000CE379B /* Release */ = {
			isa = XCBuildConfiguration;
			buildSettings = {
				BUNDLE_LOADER = "$(TEST_HOST)";
				FRAMEWORK_SEARCH_PATHS = (
					"$(SDKROOT)/Developer/Library/Frameworks",
					"$(inherited)",
				);
				INFOPLIST_FILE = todolistTests/Info.plist;
				LD_RUNPATH_SEARCH_PATHS = "$(inherited) @executable_path/Frameworks @loader_path/Frameworks";
				PRODUCT_NAME = "$(TARGET_NAME)";
				TEST_HOST = "$(BUILT_PRODUCTS_DIR)/todolist.app/todolist";
			};
			name = Release;
		};
/* End XCBuildConfiguration section */

/* Begin XCConfigurationList section */
		F5654BF61AE393F000CE379B /* Build configuration list for PBXProject "todolist" */ = {
			isa = XCConfigurationList;
			buildConfigurations = (
				F5654C1C1AE393F000CE379B /* Debug */,
				F5654C1D1AE393F000CE379B /* Release */,
			);
			defaultConfigurationIsVisible = 0;
			defaultConfigurationName = Release;
		};
		F5654C1E1AE393F000CE379B /* Build configuration list for PBXNativeTarget "todolist" */ = {
			isa = XCConfigurationList;
			buildConfigurations = (
				F5654C1F1AE393F000CE379B /* Debug */,
				F5654C201AE393F000CE379B /* Release */,
			);
			defaultConfigurationIsVisible = 0;
		};
		F5654C211AE393F000CE379B /* Build configuration list for PBXNativeTarget "todolistTests" */ = {
			isa = XCConfigurationList;
			buildConfigurations = (
				F5654C221AE393F000CE379B /* Debug */,
				F5654C231AE393F000CE379B /* Release */,
			);
			defaultConfigurationIsVisible = 0;
		};
/* End XCConfigurationList section */
	};
	rootObject = F5654BF31AE393F000CE379B /* Project object */;
}
